
Microsoft Visual Studio Solution File, Format Version 12.00
# Visual Studio Version 16
VisualStudioVersion = 16.0.29009.5
MinimumVisualStudioVersion = 10.0.40219.1
Project("{FAE04EC0-301F-11D3-BF4B-00C04F79EFBC}") = "jike_04_Startup", "jike_04_Startup\jike_04_Startup.csproj", "{7D8C3DE7-D1FD-422E-84B0-4B75E3D7D68D}"
EndProject
Project("{2150E333-8FDC-42A3-9474-1A3956D46DE8}") = "jike_Demo", "jike_Demo", "{467127F1-1C46-4A5E-A544-BBA985686507}"
EndProject
Project("{FAE04EC0-301F-11D3-BF4B-00C04F79EFBC}") = "jike_05_DependencyInjectionDemo", "jike_05_DependencyInjectionDemo\jike_05_DependencyInjectionDemo.csproj", "{79046387-CCBC-47B7-90B9-B8816BA61D33}"
EndProject
Global
	GlobalSection(SolutionConfigurationPlatforms) = preSolution
		Debug|Any CPU = Debug|Any CPU
		Release|Any CPU = Release|Any CPU
	EndGlobalSection
	GlobalSection(ProjectConfigurationPlatforms) = postSolution
		{7D8C3DE7-D1FD-422E-84B0-4B75E3D7D68D}.Debug|Any CPU.ActiveCfg = Debug|Any CPU
		{7D8C3DE7-D1FD-422E-84B0-4B75E3D7D68D}.Debug|Any CPU.Build.0 = Debug|Any CPU
		{7D8C3DE7-D1FD-422E-84B0-4B75E3D7D68D}.Release|Any CPU.ActiveCfg = Release|Any CPU
		{7D8C3DE7-D1FD-422E-84B0-4B75E3D7D68D}.Release|Any CPU.Build.0 = Release|Any CPU
		{79046387-CCBC-47B7-90B9-B8816BA61D33}.Debug|Any CPU.ActiveCfg = Debug|Any CPU
		{79046387-CCBC-47B7-90B9-B8816BA61D33}.Debug|Any CPU.Build.0 = Debug|Any CPU
		{79046387-CCBC-47B7-90B9-B8816BA61D33}.Release|Any CPU.ActiveCfg = Release|Any CPU
		{79046387-CCBC-47B7-90B9-B8816BA61D33}.Release|Any CPU.Build.0 = Release|Any CPU
	EndGlobalSection
	GlobalSection(SolutionProperties) = preSolution
		HideSolutionNode = FALSE
	EndGlobalSection
	GlobalSection(NestedProjects) = preSolution
		{7D8C3DE7-D1FD-422E-84B0-4B75E3D7D68D} = {467127F1-1C46-4A5E-A544-BBA985686507}
		{79046387-CCBC-47B7-90B9-B8816BA61D33} = {467127F1-1C46-4A5E-A544-BBA985686507}
	EndGlobalSection
	GlobalSection(ExtensibilityGlobals) = postSolution
		SolutionGuid = {4C8B6507-13B3-44B2-9A3C-172B3343799C}
	EndGlobalSection
EndGlobal
