
Microsoft Visual Studio Solution File, Format Version 12.00
# Visual Studio Version 16
VisualStudioVersion = 16.0.29009.5
MinimumVisualStudioVersion = 10.0.40219.1
Project("{9A19103F-16F7-4668-BE54-9A1E7A4F7556}") = "jike_04_Startup", "jike_04_Startup\jike_04_Startup.csproj", "{7D8C3DE7-D1FD-422E-84B0-4B75E3D7D68D}"
EndProject
Project("{2150E333-8FDC-42A3-9474-1A3956D46DE8}") = "jike_Demo", "jike_Demo", "{467127F1-1C46-4A5E-A544-BBA985686507}"
EndProject
Project("{9A19103F-16F7-4668-BE54-9A1E7A4F7556}") = "jike_05_DependencyInjectionDemo", "jike_05_DependencyInjectionDemo\jike_05_DependencyInjectionDemo.csproj", "{79046387-CCBC-47B7-90B9-B8816BA61D33}"
EndProject
Project("{9A19103F-16F7-4668-BE54-9A1E7A4F7556}") = "jike_06_DependencyInjectionScopeAndDisposableDemo", "jike_06_DependencyInjectionScopeAndDisposableDemo\jike_06_DependencyInjectionScopeAndDisposableDemo.csproj", "{6592F923-ABA1-4161-BCAD-80314F439289}"
EndProject
Project("{9A19103F-16F7-4668-BE54-9A1E7A4F7556}") = "jike_07_DependencyInjectionAutofacDemo", "jike_07_DependencyInjectionAutofacDemo\jike_07_DependencyInjectionAutofacDemo.csproj", "{6F194DC6-3C16-49BB-A5FF-32F97B7D3058}"
EndProject
Project("{9A19103F-16F7-4668-BE54-9A1E7A4F7556}") = "jike_08_ConfigurationDemo", "jike_08_ConfigurationDemo\jike_08_ConfigurationDemo.csproj", "{09530B2A-2ED5-4E85-9EBA-5CB16516AD66}"
EndProject
Project("{9A19103F-16F7-4668-BE54-9A1E7A4F7556}") = "jike_09_ConfigurationCommandLineDemo", "jike_09_ConfigurationCommandLineDemo\jike_09_ConfigurationCommandLineDemo.csproj", "{793439E9-39DD-4807-95D7-64F4BC82815A}"
EndProject
Project("{9A19103F-16F7-4668-BE54-9A1E7A4F7556}") = "jike_10_ConfigurationEnvironmentVariablesDemo", "jike_10_ConfigurationEnvironmentVariablesDemo\jike_10_ConfigurationEnvironmentVariablesDemo.csproj", "{534D04F0-6322-4E71-8993-B57694841EDC}"
EndProject
Project("{9A19103F-16F7-4668-BE54-9A1E7A4F7556}") = "jike_11_Configuration_FileDemo", "jike_11_Configuration_FileDemo\jike_11_Configuration_FileDemo.csproj", "{3CA4A1EC-E4AF-4F4F-B42C-324305C8897F}"
EndProject
Project("{FAE04EC0-301F-11D3-BF4B-00C04F79EFBC}") = "jike_14_Configuration_Custom", "jike_14_Configuration_Custom\jike_14_Configuration_Custom.csproj", "{A0ECFF80-25E8-4CEF-8D3A-943DDEAB617E}"
EndProject
Global
	GlobalSection(SolutionConfigurationPlatforms) = preSolution
		Debug|Any CPU = Debug|Any CPU
		Release|Any CPU = Release|Any CPU
	EndGlobalSection
	GlobalSection(ProjectConfigurationPlatforms) = postSolution
		{7D8C3DE7-D1FD-422E-84B0-4B75E3D7D68D}.Debug|Any CPU.ActiveCfg = Debug|Any CPU
		{7D8C3DE7-D1FD-422E-84B0-4B75E3D7D68D}.Debug|Any CPU.Build.0 = Debug|Any CPU
		{7D8C3DE7-D1FD-422E-84B0-4B75E3D7D68D}.Release|Any CPU.ActiveCfg = Release|Any CPU
		{7D8C3DE7-D1FD-422E-84B0-4B75E3D7D68D}.Release|Any CPU.Build.0 = Release|Any CPU
		{79046387-CCBC-47B7-90B9-B8816BA61D33}.Debug|Any CPU.ActiveCfg = Debug|Any CPU
		{79046387-CCBC-47B7-90B9-B8816BA61D33}.Debug|Any CPU.Build.0 = Debug|Any CPU
		{79046387-CCBC-47B7-90B9-B8816BA61D33}.Release|Any CPU.ActiveCfg = Release|Any CPU
		{79046387-CCBC-47B7-90B9-B8816BA61D33}.Release|Any CPU.Build.0 = Release|Any CPU
		{6592F923-ABA1-4161-BCAD-80314F439289}.Debug|Any CPU.ActiveCfg = Debug|Any CPU
		{6592F923-ABA1-4161-BCAD-80314F439289}.Debug|Any CPU.Build.0 = Debug|Any CPU
		{6592F923-ABA1-4161-BCAD-80314F439289}.Release|Any CPU.ActiveCfg = Release|Any CPU
		{6592F923-ABA1-4161-BCAD-80314F439289}.Release|Any CPU.Build.0 = Release|Any CPU
		{6F194DC6-3C16-49BB-A5FF-32F97B7D3058}.Debug|Any CPU.ActiveCfg = Debug|Any CPU
		{6F194DC6-3C16-49BB-A5FF-32F97B7D3058}.Debug|Any CPU.Build.0 = Debug|Any CPU
		{6F194DC6-3C16-49BB-A5FF-32F97B7D3058}.Release|Any CPU.ActiveCfg = Release|Any CPU
		{6F194DC6-3C16-49BB-A5FF-32F97B7D3058}.Release|Any CPU.Build.0 = Release|Any CPU
		{09530B2A-2ED5-4E85-9EBA-5CB16516AD66}.Debug|Any CPU.ActiveCfg = Debug|Any CPU
		{09530B2A-2ED5-4E85-9EBA-5CB16516AD66}.Debug|Any CPU.Build.0 = Debug|Any CPU
		{09530B2A-2ED5-4E85-9EBA-5CB16516AD66}.Release|Any CPU.ActiveCfg = Release|Any CPU
		{09530B2A-2ED5-4E85-9EBA-5CB16516AD66}.Release|Any CPU.Build.0 = Release|Any CPU
		{793439E9-39DD-4807-95D7-64F4BC82815A}.Debug|Any CPU.ActiveCfg = Debug|Any CPU
		{793439E9-39DD-4807-95D7-64F4BC82815A}.Debug|Any CPU.Build.0 = Debug|Any CPU
		{793439E9-39DD-4807-95D7-64F4BC82815A}.Release|Any CPU.ActiveCfg = Release|Any CPU
		{793439E9-39DD-4807-95D7-64F4BC82815A}.Release|Any CPU.Build.0 = Release|Any CPU
		{534D04F0-6322-4E71-8993-B57694841EDC}.Debug|Any CPU.ActiveCfg = Debug|Any CPU
		{534D04F0-6322-4E71-8993-B57694841EDC}.Debug|Any CPU.Build.0 = Debug|Any CPU
		{534D04F0-6322-4E71-8993-B57694841EDC}.Release|Any CPU.ActiveCfg = Release|Any CPU
		{534D04F0-6322-4E71-8993-B57694841EDC}.Release|Any CPU.Build.0 = Release|Any CPU
		{3CA4A1EC-E4AF-4F4F-B42C-324305C8897F}.Debug|Any CPU.ActiveCfg = Debug|Any CPU
		{3CA4A1EC-E4AF-4F4F-B42C-324305C8897F}.Debug|Any CPU.Build.0 = Debug|Any CPU
		{3CA4A1EC-E4AF-4F4F-B42C-324305C8897F}.Release|Any CPU.ActiveCfg = Release|Any CPU
		{3CA4A1EC-E4AF-4F4F-B42C-324305C8897F}.Release|Any CPU.Build.0 = Release|Any CPU
		{A0ECFF80-25E8-4CEF-8D3A-943DDEAB617E}.Debug|Any CPU.ActiveCfg = Debug|Any CPU
		{A0ECFF80-25E8-4CEF-8D3A-943DDEAB617E}.Debug|Any CPU.Build.0 = Debug|Any CPU
		{A0ECFF80-25E8-4CEF-8D3A-943DDEAB617E}.Release|Any CPU.ActiveCfg = Release|Any CPU
		{A0ECFF80-25E8-4CEF-8D3A-943DDEAB617E}.Release|Any CPU.Build.0 = Release|Any CPU
	EndGlobalSection
	GlobalSection(SolutionProperties) = preSolution
		HideSolutionNode = FALSE
	EndGlobalSection
	GlobalSection(NestedProjects) = preSolution
		{7D8C3DE7-D1FD-422E-84B0-4B75E3D7D68D} = {467127F1-1C46-4A5E-A544-BBA985686507}
		{79046387-CCBC-47B7-90B9-B8816BA61D33} = {467127F1-1C46-4A5E-A544-BBA985686507}
		{6592F923-ABA1-4161-BCAD-80314F439289} = {467127F1-1C46-4A5E-A544-BBA985686507}
		{6F194DC6-3C16-49BB-A5FF-32F97B7D3058} = {467127F1-1C46-4A5E-A544-BBA985686507}
		{09530B2A-2ED5-4E85-9EBA-5CB16516AD66} = {467127F1-1C46-4A5E-A544-BBA985686507}
		{793439E9-39DD-4807-95D7-64F4BC82815A} = {467127F1-1C46-4A5E-A544-BBA985686507}
		{534D04F0-6322-4E71-8993-B57694841EDC} = {467127F1-1C46-4A5E-A544-BBA985686507}
		{3CA4A1EC-E4AF-4F4F-B42C-324305C8897F} = {467127F1-1C46-4A5E-A544-BBA985686507}
		{A0ECFF80-25E8-4CEF-8D3A-943DDEAB617E} = {467127F1-1C46-4A5E-A544-BBA985686507}
	EndGlobalSection
	GlobalSection(ExtensibilityGlobals) = postSolution
		SolutionGuid = {4C8B6507-13B3-44B2-9A3C-172B3343799C}
	EndGlobalSection
EndGlobal
